
Microsoft Visual Studio Solution File, Format Version 12.00
# Visual Studio 2013
VisualStudioVersion = 12.0.31101.0
MinimumVisualStudioVersion = 10.0.40219.1
Project("{FAE04EC0-301F-11D3-BF4B-00C04F79EFBC}") = "Insanity.Testing.Integration.Owin", "Insanity.Testing.Integration.Owin\Insanity.Testing.Integration.Owin.csproj", "{C08C9ECA-70A6-47EE-BF65-162CD58CCE75}"
EndProject
Project("{FAE04EC0-301F-11D3-BF4B-00C04F79EFBC}") = "Insanity.Testing.Integration.Data", "Insanity.Testing.Integration.Data\Insanity.Testing.Integration.Data.csproj", "{0C51AD9C-46CD-4EE6-A0A2-99B0410D4C29}"
EndProject
Project("{FAE04EC0-301F-11D3-BF4B-00C04F79EFBC}") = "Insanity.Testing.Integration.Http", "Insanity.Testing.Integration.Http\Insanity.Testing.Integration.Http.csproj", "{EBD8FF23-F77B-4B74-91CE-FE0FCBD1A0FC}"
EndProject
Project("{FAE04EC0-301F-11D3-BF4B-00C04F79EFBC}") = "Insanity.Testing.Integration.Http.UnitTests", "Insanity.Testing.Integration.Http.UnitTests\Insanity.Testing.Integration.Http.UnitTests.csproj", "{EDF02721-4318-475B-BB9B-FFAECF4F5291}"
EndProject
Project("{2150E333-8FDC-42A3-9474-1A3956D46DE8}") = "Tests", "Tests", "{8C55FBBA-2AFE-4C08-A7CF-9F8876108781}"
EndProject
Project("{FAE04EC0-301F-11D3-BF4B-00C04F79EFBC}") = "Insanity.Testing.Integration.Owin.UnitTests", "Insanity.Testing.Integration.Owin.UnitTests\Insanity.Testing.Integration.Owin.UnitTests.csproj", "{A0357F69-0AF6-4820-B01D-5196F3F159F2}"
EndProject
Global
	GlobalSection(SolutionConfigurationPlatforms) = preSolution
		Debug|Any CPU = Debug|Any CPU
		Release|Any CPU = Release|Any CPU
	EndGlobalSection
	GlobalSection(ProjectConfigurationPlatforms) = postSolution
		{C08C9ECA-70A6-47EE-BF65-162CD58CCE75}.Debug|Any CPU.ActiveCfg = Debug|Any CPU
		{C08C9ECA-70A6-47EE-BF65-162CD58CCE75}.Debug|Any CPU.Build.0 = Debug|Any CPU
		{C08C9ECA-70A6-47EE-BF65-162CD58CCE75}.Release|Any CPU.ActiveCfg = Release|Any CPU
		{C08C9ECA-70A6-47EE-BF65-162CD58CCE75}.Release|Any CPU.Build.0 = Release|Any CPU
		{0C51AD9C-46CD-4EE6-A0A2-99B0410D4C29}.Debug|Any CPU.ActiveCfg = Debug|Any CPU
		{0C51AD9C-46CD-4EE6-A0A2-99B0410D4C29}.Debug|Any CPU.Build.0 = Debug|Any CPU
		{0C51AD9C-46CD-4EE6-A0A2-99B0410D4C29}.Release|Any CPU.ActiveCfg = Release|Any CPU
		{0C51AD9C-46CD-4EE6-A0A2-99B0410D4C29}.Release|Any CPU.Build.0 = Release|Any CPU
		{EBD8FF23-F77B-4B74-91CE-FE0FCBD1A0FC}.Debug|Any CPU.ActiveCfg = Debug|Any CPU
		{EBD8FF23-F77B-4B74-91CE-FE0FCBD1A0FC}.Debug|Any CPU.Build.0 = Debug|Any CPU
		{EBD8FF23-F77B-4B74-91CE-FE0FCBD1A0FC}.Release|Any CPU.ActiveCfg = Release|Any CPU
		{EBD8FF23-F77B-4B74-91CE-FE0FCBD1A0FC}.Release|Any CPU.Build.0 = Release|Any CPU
		{EDF02721-4318-475B-BB9B-FFAECF4F5291}.Debug|Any CPU.ActiveCfg = Debug|Any CPU
		{EDF02721-4318-475B-BB9B-FFAECF4F5291}.Debug|Any CPU.Build.0 = Debug|Any CPU
		{EDF02721-4318-475B-BB9B-FFAECF4F5291}.Release|Any CPU.ActiveCfg = Release|Any CPU
		{EDF02721-4318-475B-BB9B-FFAECF4F5291}.Release|Any CPU.Build.0 = Release|Any CPU
		{A0357F69-0AF6-4820-B01D-5196F3F159F2}.Debug|Any CPU.ActiveCfg = Debug|Any CPU
		{A0357F69-0AF6-4820-B01D-5196F3F159F2}.Debug|Any CPU.Build.0 = Debug|Any CPU
		{A0357F69-0AF6-4820-B01D-5196F3F159F2}.Release|Any CPU.ActiveCfg = Release|Any CPU
		{A0357F69-0AF6-4820-B01D-5196F3F159F2}.Release|Any CPU.Build.0 = Release|Any CPU
	EndGlobalSection
	GlobalSection(SolutionProperties) = preSolution
		HideSolutionNode = FALSE
	EndGlobalSection
	GlobalSection(NestedProjects) = preSolution
		{EDF02721-4318-475B-BB9B-FFAECF4F5291} = {8C55FBBA-2AFE-4C08-A7CF-9F8876108781}
		{A0357F69-0AF6-4820-B01D-5196F3F159F2} = {8C55FBBA-2AFE-4C08-A7CF-9F8876108781}
	EndGlobalSection
EndGlobal
