
Microsoft Visual Studio Solution File, Format Version 12.00
# Visual Studio 2013
VisualStudioVersion = 12.0.31101.0
MinimumVisualStudioVersion = 10.0.40219.1
Project("{FAE04EC0-301F-11D3-BF4B-00C04F79EFBC}") = "Insanity.Testing.Integration.Owin", "Insanity.Testing.Integration.Owin\Insanity.Testing.Integration.Owin.csproj", "{C08C9ECA-70A6-47EE-BF65-162CD58CCE75}"
EndProject
Project("{FAE04EC0-301F-11D3-BF4B-00C04F79EFBC}") = "Insanity.Testing.Integration.Data", "Insanity.Testing.Integration.Data\Insanity.Testing.Integration.Data.csproj", "{0C51AD9C-46CD-4EE6-A0A2-99B0410D4C29}"
EndProject
Project("{FAE04EC0-301F-11D3-BF4B-00C04F79EFBC}") = "Insanity.Testing.Integration.Http", "Insanity.Testing.Integration.Http\Insanity.Testing.Integration.Http.csproj", "{EBD8FF23-F77B-4B74-91CE-FE0FCBD1A0FC}"
EndProject
Project("{FAE04EC0-301F-11D3-BF4B-00C04F79EFBC}") = "Insanity.Testing.Integration.Http.UnitTests", "Insanity.Testing.Integration.Http.UnitTests\Insanity.Testing.Integration.Http.UnitTests.csproj", "{EDF02721-4318-475B-BB9B-FFAECF4F5291}"
EndProject
Project("{2150E333-8FDC-42A3-9474-1A3956D46DE8}") = "Tests", "Tests", "{8C55FBBA-2AFE-4C08-A7CF-9F8876108781}"
EndProject
Project("{FAE04EC0-301F-11D3-BF4B-00C04F79EFBC}") = "Insanity.Testing.Integration.Data.UnitTests", "Insanity.Testing.Integration.Data.UnitTests\Insanity.Testing.Integration.Data.UnitTests.csproj", "{F8169960-063D-473F-BC74-80027F3C3D9C}"
EndProject
Project("{00D1A9C2-B5F0-4AF3-8072-F6C62B433612}") = "Insanity.Testing.Integration.Database", "Insanity.Testing.Integration.Database\Insanity.Testing.Integration.Database.sqlproj", "{C8BE9E61-0485-4D88-96F2-7D2E9283A555}"
EndProject
Global
	GlobalSection(SolutionConfigurationPlatforms) = preSolution
		Debug|Any CPU = Debug|Any CPU
		Release|Any CPU = Release|Any CPU
	EndGlobalSection
	GlobalSection(ProjectConfigurationPlatforms) = postSolution
		{C08C9ECA-70A6-47EE-BF65-162CD58CCE75}.Debug|Any CPU.ActiveCfg = Debug|Any CPU
		{C08C9ECA-70A6-47EE-BF65-162CD58CCE75}.Debug|Any CPU.Build.0 = Debug|Any CPU
		{C08C9ECA-70A6-47EE-BF65-162CD58CCE75}.Release|Any CPU.ActiveCfg = Release|Any CPU
		{C08C9ECA-70A6-47EE-BF65-162CD58CCE75}.Release|Any CPU.Build.0 = Release|Any CPU
		{0C51AD9C-46CD-4EE6-A0A2-99B0410D4C29}.Debug|Any CPU.ActiveCfg = Debug|Any CPU
		{0C51AD9C-46CD-4EE6-A0A2-99B0410D4C29}.Debug|Any CPU.Build.0 = Debug|Any CPU
		{0C51AD9C-46CD-4EE6-A0A2-99B0410D4C29}.Release|Any CPU.ActiveCfg = Release|Any CPU
		{0C51AD9C-46CD-4EE6-A0A2-99B0410D4C29}.Release|Any CPU.Build.0 = Release|Any CPU
		{EBD8FF23-F77B-4B74-91CE-FE0FCBD1A0FC}.Debug|Any CPU.ActiveCfg = Debug|Any CPU
		{EBD8FF23-F77B-4B74-91CE-FE0FCBD1A0FC}.Debug|Any CPU.Build.0 = Debug|Any CPU
		{EBD8FF23-F77B-4B74-91CE-FE0FCBD1A0FC}.Release|Any CPU.ActiveCfg = Release|Any CPU
		{EBD8FF23-F77B-4B74-91CE-FE0FCBD1A0FC}.Release|Any CPU.Build.0 = Release|Any CPU
		{EDF02721-4318-475B-BB9B-FFAECF4F5291}.Debug|Any CPU.ActiveCfg = Debug|Any CPU
		{EDF02721-4318-475B-BB9B-FFAECF4F5291}.Debug|Any CPU.Build.0 = Debug|Any CPU
		{EDF02721-4318-475B-BB9B-FFAECF4F5291}.Release|Any CPU.ActiveCfg = Release|Any CPU
		{EDF02721-4318-475B-BB9B-FFAECF4F5291}.Release|Any CPU.Build.0 = Release|Any CPU
		{F8169960-063D-473F-BC74-80027F3C3D9C}.Debug|Any CPU.ActiveCfg = Debug|Any CPU
		{F8169960-063D-473F-BC74-80027F3C3D9C}.Debug|Any CPU.Build.0 = Debug|Any CPU
		{F8169960-063D-473F-BC74-80027F3C3D9C}.Release|Any CPU.ActiveCfg = Release|Any CPU
		{F8169960-063D-473F-BC74-80027F3C3D9C}.Release|Any CPU.Build.0 = Release|Any CPU
		{C8BE9E61-0485-4D88-96F2-7D2E9283A555}.Debug|Any CPU.ActiveCfg = Debug|Any CPU
		{C8BE9E61-0485-4D88-96F2-7D2E9283A555}.Debug|Any CPU.Build.0 = Debug|Any CPU
		{C8BE9E61-0485-4D88-96F2-7D2E9283A555}.Debug|Any CPU.Deploy.0 = Debug|Any CPU
		{C8BE9E61-0485-4D88-96F2-7D2E9283A555}.Release|Any CPU.ActiveCfg = Release|Any CPU
		{C8BE9E61-0485-4D88-96F2-7D2E9283A555}.Release|Any CPU.Build.0 = Release|Any CPU
		{C8BE9E61-0485-4D88-96F2-7D2E9283A555}.Release|Any CPU.Deploy.0 = Release|Any CPU
	EndGlobalSection
	GlobalSection(SolutionProperties) = preSolution
		HideSolutionNode = FALSE
	EndGlobalSection
	GlobalSection(NestedProjects) = preSolution
		{EDF02721-4318-475B-BB9B-FFAECF4F5291} = {8C55FBBA-2AFE-4C08-A7CF-9F8876108781}
		{F8169960-063D-473F-BC74-80027F3C3D9C} = {8C55FBBA-2AFE-4C08-A7CF-9F8876108781}
		{C8BE9E61-0485-4D88-96F2-7D2E9283A555} = {8C55FBBA-2AFE-4C08-A7CF-9F8876108781}
	EndGlobalSection
EndGlobal
